// !$*UTF8*$!
{
	archiveVersion = 1;
	classes = {
	};
	objectVersion = 56;
	objects = {

/* Begin PBXBuildFile section */
		D0827EEE37AF6C1B90F286FA /* Pods_StarWars.framework in Frameworks */ = {isa = PBXBuildFile; fileRef = D80DD7894960BB18F00E0045 /* Pods_StarWars.framework */; };
		F4CA607B28D5DECF00E074FB /* StarWarsApp.swift in Sources */ = {isa = PBXBuildFile; fileRef = F4CA607A28D5DECF00E074FB /* StarWarsApp.swift */; };
		F4CA607F28D5DED000E074FB /* Assets.xcassets in Resources */ = {isa = PBXBuildFile; fileRef = F4CA607E28D5DED000E074FB /* Assets.xcassets */; };
		F4CA608228D5DED000E074FB /* Preview Assets.xcassets in Resources */ = {isa = PBXBuildFile; fileRef = F4CA608128D5DED000E074FB /* Preview Assets.xcassets */; };
		F4CA608C28D5DED000E074FB /* StarWarsTests.swift in Sources */ = {isa = PBXBuildFile; fileRef = F4CA608B28D5DED000E074FB /* StarWarsTests.swift */; };
		F4CA609628D5DED000E074FB /* StarWarsUITests.swift in Sources */ = {isa = PBXBuildFile; fileRef = F4CA609528D5DED000E074FB /* StarWarsUITests.swift */; };
		F4CA609828D5DED000E074FB /* StarWarsUITestsLaunchTests.swift in Sources */ = {isa = PBXBuildFile; fileRef = F4CA609728D5DED000E074FB /* StarWarsUITestsLaunchTests.swift */; };
		F4CA60A928D5F7BF00E074FB /* PlanetListViewController.swift in Sources */ = {isa = PBXBuildFile; fileRef = F4CA60A828D5F7BF00E074FB /* PlanetListViewController.swift */; };
		F4CA60AB28D5F7CB00E074FB /* PlanetListViewModel.swift in Sources */ = {isa = PBXBuildFile; fileRef = F4CA60AA28D5F7CB00E074FB /* PlanetListViewModel.swift */; };
		F4CA60AD28D5F7F700E074FB /* PlanetView.swift in Sources */ = {isa = PBXBuildFile; fileRef = F4CA60AC28D5F7F700E074FB /* PlanetView.swift */; };
		F4CA60AF28D5F81A00E074FB /* PlanetViewController.swift in Sources */ = {isa = PBXBuildFile; fileRef = F4CA60AE28D5F81A00E074FB /* PlanetViewController.swift */; };
		F4CA60B128D5F85E00E074FB /* PlanetViewModel.swift in Sources */ = {isa = PBXBuildFile; fileRef = F4CA60B028D5F85E00E074FB /* PlanetViewModel.swift */; };
		F4CA60B328D6FD5A00E074FB /* MyNextView.swift in Sources */ = {isa = PBXBuildFile; fileRef = F4CA60B228D6FD5A00E074FB /* MyNextView.swift */; };
		F4CA60B528D6FDB000E074FB /* PlanetListView.swift in Sources */ = {isa = PBXBuildFile; fileRef = F4CA60B428D6FDB000E074FB /* PlanetListView.swift */; };
/* End PBXBuildFile section */

/* Begin PBXContainerItemProxy section */
		F4CA608828D5DED000E074FB /* PBXContainerItemProxy */ = {
			isa = PBXContainerItemProxy;
			containerPortal = F4CA606F28D5DECF00E074FB /* Project object */;
			proxyType = 1;
			remoteGlobalIDString = F4CA607628D5DECF00E074FB;
			remoteInfo = StarWars;
		};
		F4CA609228D5DED000E074FB /* PBXContainerItemProxy */ = {
			isa = PBXContainerItemProxy;
			containerPortal = F4CA606F28D5DECF00E074FB /* Project object */;
			proxyType = 1;
			remoteGlobalIDString = F4CA607628D5DECF00E074FB;
			remoteInfo = StarWars;
		};
/* End PBXContainerItemProxy section */

/* Begin PBXFileReference section */
		AF458D9349997991F94B1DFD /* Pods-StarWars.debug.xcconfig */ = {isa = PBXFileReference; includeInIndex = 1; lastKnownFileType = text.xcconfig; name = "Pods-StarWars.debug.xcconfig"; path = "Target Support Files/Pods-StarWars/Pods-StarWars.debug.xcconfig"; sourceTree = "<group>"; };
		D80DD7894960BB18F00E0045 /* Pods_StarWars.framework */ = {isa = PBXFileReference; explicitFileType = wrapper.framework; includeInIndex = 0; path = Pods_StarWars.framework; sourceTree = BUILT_PRODUCTS_DIR; };
		E02977EFB24764192B467D25 /* Pods-StarWars.release.xcconfig */ = {isa = PBXFileReference; includeInIndex = 1; lastKnownFileType = text.xcconfig; name = "Pods-StarWars.release.xcconfig"; path = "Target Support Files/Pods-StarWars/Pods-StarWars.release.xcconfig"; sourceTree = "<group>"; };
		F4CA607728D5DECF00E074FB /* StarWars.app */ = {isa = PBXFileReference; explicitFileType = wrapper.application; includeInIndex = 0; path = StarWars.app; sourceTree = BUILT_PRODUCTS_DIR; };
		F4CA607A28D5DECF00E074FB /* StarWarsApp.swift */ = {isa = PBXFileReference; lastKnownFileType = sourcecode.swift; path = StarWarsApp.swift; sourceTree = "<group>"; };
		F4CA607E28D5DED000E074FB /* Assets.xcassets */ = {isa = PBXFileReference; lastKnownFileType = folder.assetcatalog; path = Assets.xcassets; sourceTree = "<group>"; };
		F4CA608128D5DED000E074FB /* Preview Assets.xcassets */ = {isa = PBXFileReference; lastKnownFileType = folder.assetcatalog; path = "Preview Assets.xcassets"; sourceTree = "<group>"; };
		F4CA608728D5DED000E074FB /* StarWarsTests.xctest */ = {isa = PBXFileReference; explicitFileType = wrapper.cfbundle; includeInIndex = 0; path = StarWarsTests.xctest; sourceTree = BUILT_PRODUCTS_DIR; };
		F4CA608B28D5DED000E074FB /* StarWarsTests.swift */ = {isa = PBXFileReference; lastKnownFileType = sourcecode.swift; path = StarWarsTests.swift; sourceTree = "<group>"; };
		F4CA609128D5DED000E074FB /* StarWarsUITests.xctest */ = {isa = PBXFileReference; explicitFileType = wrapper.cfbundle; includeInIndex = 0; path = StarWarsUITests.xctest; sourceTree = BUILT_PRODUCTS_DIR; };
		F4CA609528D5DED000E074FB /* StarWarsUITests.swift */ = {isa = PBXFileReference; lastKnownFileType = sourcecode.swift; path = StarWarsUITests.swift; sourceTree = "<group>"; };
		F4CA609728D5DED000E074FB /* StarWarsUITestsLaunchTests.swift */ = {isa = PBXFileReference; lastKnownFileType = sourcecode.swift; path = StarWarsUITestsLaunchTests.swift; sourceTree = "<group>"; };
		F4CA60A828D5F7BF00E074FB /* PlanetListViewController.swift */ = {isa = PBXFileReference; lastKnownFileType = sourcecode.swift; path = PlanetListViewController.swift; sourceTree = "<group>"; };
		F4CA60AA28D5F7CB00E074FB /* PlanetListViewModel.swift */ = {isa = PBXFileReference; lastKnownFileType = sourcecode.swift; path = PlanetListViewModel.swift; sourceTree = "<group>"; };
		F4CA60AC28D5F7F700E074FB /* PlanetView.swift */ = {isa = PBXFileReference; lastKnownFileType = sourcecode.swift; path = PlanetView.swift; sourceTree = "<group>"; };
		F4CA60AE28D5F81A00E074FB /* PlanetViewController.swift */ = {isa = PBXFileReference; lastKnownFileType = sourcecode.swift; path = PlanetViewController.swift; sourceTree = "<group>"; };
		F4CA60B028D5F85E00E074FB /* PlanetViewModel.swift */ = {isa = PBXFileReference; lastKnownFileType = sourcecode.swift; path = PlanetViewModel.swift; sourceTree = "<group>"; };
		F4CA60B228D6FD5A00E074FB /* MyNextView.swift */ = {isa = PBXFileReference; lastKnownFileType = sourcecode.swift; path = MyNextView.swift; sourceTree = "<group>"; };
		F4CA60B428D6FDB000E074FB /* PlanetListView.swift */ = {isa = PBXFileReference; lastKnownFileType = sourcecode.swift; path = PlanetListView.swift; sourceTree = "<group>"; };
/* End PBXFileReference section */

/* Begin PBXFrameworksBuildPhase section */
		F4CA607428D5DECF00E074FB /* Frameworks */ = {
			isa = PBXFrameworksBuildPhase;
			buildActionMask = 2147483647;
			files = (
				D0827EEE37AF6C1B90F286FA /* Pods_StarWars.framework in Frameworks */,
			);
			runOnlyForDeploymentPostprocessing = 0;
		};
		F4CA608428D5DED000E074FB /* Frameworks */ = {
			isa = PBXFrameworksBuildPhase;
			buildActionMask = 2147483647;
			files = (
			);
			runOnlyForDeploymentPostprocessing = 0;
		};
		F4CA608E28D5DED000E074FB /* Frameworks */ = {
			isa = PBXFrameworksBuildPhase;
			buildActionMask = 2147483647;
			files = (
			);
			runOnlyForDeploymentPostprocessing = 0;
		};
/* End PBXFrameworksBuildPhase section */

/* Begin PBXGroup section */
		556A7E3897414114E2222F1C /* Frameworks */ = {
			isa = PBXGroup;
			children = (
				D80DD7894960BB18F00E0045 /* Pods_StarWars.framework */,
			);
			name = Frameworks;
			sourceTree = "<group>";
		};
		5604F5BD037DFB0EEF4056E1 /* Pods */ = {
			isa = PBXGroup;
			children = (
				AF458D9349997991F94B1DFD /* Pods-StarWars.debug.xcconfig */,
				E02977EFB24764192B467D25 /* Pods-StarWars.release.xcconfig */,
			);
			path = Pods;
			sourceTree = "<group>";
		};
		F4CA606E28D5DECF00E074FB = {
			isa = PBXGroup;
			children = (
				F4CA607928D5DECF00E074FB /* StarWars */,
				F4CA608A28D5DED000E074FB /* StarWarsTests */,
				F4CA609428D5DED000E074FB /* StarWarsUITests */,
				F4CA607828D5DECF00E074FB /* Products */,
				5604F5BD037DFB0EEF4056E1 /* Pods */,
				556A7E3897414114E2222F1C /* Frameworks */,
			);
			sourceTree = "<group>";
		};
		F4CA607828D5DECF00E074FB /* Products */ = {
			isa = PBXGroup;
			children = (
				F4CA607728D5DECF00E074FB /* StarWars.app */,
				F4CA608728D5DED000E074FB /* StarWarsTests.xctest */,
				F4CA609128D5DED000E074FB /* StarWarsUITests.xctest */,
			);
			name = Products;
			sourceTree = "<group>";
		};
		F4CA607928D5DECF00E074FB /* StarWars */ = {
			isa = PBXGroup;
			children = (
				F4CA60A428D5F77F00E074FB /* PlanetList */,
				F4CA60A528D5F79100E074FB /* PlanetDetails */,
				F4CA607A28D5DECF00E074FB /* StarWarsApp.swift */,
				F4CA607E28D5DED000E074FB /* Assets.xcassets */,
				F4CA608028D5DED000E074FB /* Preview Content */,
				F4CA60B228D6FD5A00E074FB /* MyNextView.swift */,
			);
			path = StarWars;
			sourceTree = "<group>";
		};
		F4CA608028D5DED000E074FB /* Preview Content */ = {
			isa = PBXGroup;
			children = (
				F4CA608128D5DED000E074FB /* Preview Assets.xcassets */,
			);
			path = "Preview Content";
			sourceTree = "<group>";
		};
		F4CA608A28D5DED000E074FB /* StarWarsTests */ = {
			isa = PBXGroup;
			children = (
				F4CA608B28D5DED000E074FB /* StarWarsTests.swift */,
			);
			path = StarWarsTests;
			sourceTree = "<group>";
		};
		F4CA609428D5DED000E074FB /* StarWarsUITests */ = {
			isa = PBXGroup;
			children = (
				F4CA609528D5DED000E074FB /* StarWarsUITests.swift */,
				F4CA609728D5DED000E074FB /* StarWarsUITestsLaunchTests.swift */,
			);
			path = StarWarsUITests;
			sourceTree = "<group>";
		};
		F4CA60A428D5F77F00E074FB /* PlanetList */ = {
			isa = PBXGroup;
			children = (
				F4CA60B428D6FDB000E074FB /* PlanetListView.swift */,
				F4CA60A828D5F7BF00E074FB /* PlanetListViewController.swift */,
				F4CA60AA28D5F7CB00E074FB /* PlanetListViewModel.swift */,
			);
			path = PlanetList;
			sourceTree = "<group>";
		};
		F4CA60A528D5F79100E074FB /* PlanetDetails */ = {
			isa = PBXGroup;
			children = (
				F4CA60AC28D5F7F700E074FB /* PlanetView.swift */,
				F4CA60AE28D5F81A00E074FB /* PlanetViewController.swift */,
				F4CA60B028D5F85E00E074FB /* PlanetViewModel.swift */,
			);
			path = PlanetDetails;
			sourceTree = "<group>";
		};
/* End PBXGroup section */

/* Begin PBXNativeTarget section */
		F4CA607628D5DECF00E074FB /* StarWars */ = {
			isa = PBXNativeTarget;
			buildConfigurationList = F4CA609B28D5DED000E074FB /* Build configuration list for PBXNativeTarget "StarWars" */;
			buildPhases = (
				4497133B679EB4228B000366 /* [CP] Check Pods Manifest.lock */,
				F4CA607328D5DECF00E074FB /* Sources */,
				F4CA607428D5DECF00E074FB /* Frameworks */,
				F4CA607528D5DECF00E074FB /* Resources */,
			);
			buildRules = (
			);
			dependencies = (
			);
			name = StarWars;
			productName = StarWars;
			productReference = F4CA607728D5DECF00E074FB /* StarWars.app */;
			productType = "com.apple.product-type.application";
		};
		F4CA608628D5DED000E074FB /* StarWarsTests */ = {
			isa = PBXNativeTarget;
			buildConfigurationList = F4CA609E28D5DED000E074FB /* Build configuration list for PBXNativeTarget "StarWarsTests" */;
			buildPhases = (
				F4CA608328D5DED000E074FB /* Sources */,
				F4CA608428D5DED000E074FB /* Frameworks */,
				F4CA608528D5DED000E074FB /* Resources */,
			);
			buildRules = (
			);
			dependencies = (
				F4CA608928D5DED000E074FB /* PBXTargetDependency */,
			);
			name = StarWarsTests;
			productName = StarWarsTests;
			productReference = F4CA608728D5DED000E074FB /* StarWarsTests.xctest */;
			productType = "com.apple.product-type.bundle.unit-test";
		};
		F4CA609028D5DED000E074FB /* StarWarsUITests */ = {
			isa = PBXNativeTarget;
			buildConfigurationList = F4CA60A128D5DED000E074FB /* Build configuration list for PBXNativeTarget "StarWarsUITests" */;
			buildPhases = (
				F4CA608D28D5DED000E074FB /* Sources */,
				F4CA608E28D5DED000E074FB /* Frameworks */,
				F4CA608F28D5DED000E074FB /* Resources */,
			);
			buildRules = (
			);
			dependencies = (
				F4CA609328D5DED000E074FB /* PBXTargetDependency */,
			);
			name = StarWarsUITests;
			productName = StarWarsUITests;
			productReference = F4CA609128D5DED000E074FB /* StarWarsUITests.xctest */;
			productType = "com.apple.product-type.bundle.ui-testing";
		};
/* End PBXNativeTarget section */

/* Begin PBXProject section */
		F4CA606F28D5DECF00E074FB /* Project object */ = {
			isa = PBXProject;
			attributes = {
				BuildIndependentTargetsInParallel = 1;
				LastSwiftUpdateCheck = 1400;
				LastUpgradeCheck = 1400;
				TargetAttributes = {
					F4CA607628D5DECF00E074FB = {
						CreatedOnToolsVersion = 14.0;
					};
					F4CA608628D5DED000E074FB = {
						CreatedOnToolsVersion = 14.0;
						TestTargetID = F4CA607628D5DECF00E074FB;
					};
					F4CA609028D5DED000E074FB = {
						CreatedOnToolsVersion = 14.0;
						TestTargetID = F4CA607628D5DECF00E074FB;
					};
				};
			};
			buildConfigurationList = F4CA607228D5DECF00E074FB /* Build configuration list for PBXProject "StarWars" */;
			compatibilityVersion = "Xcode 14.0";
			developmentRegion = en;
			hasScannedForEncodings = 0;
			knownRegions = (
				en,
				Base,
			);
			mainGroup = F4CA606E28D5DECF00E074FB;
			productRefGroup = F4CA607828D5DECF00E074FB /* Products */;
			projectDirPath = "";
			projectRoot = "";
			targets = (
				F4CA607628D5DECF00E074FB /* StarWars */,
				F4CA608628D5DED000E074FB /* StarWarsTests */,
				F4CA609028D5DED000E074FB /* StarWarsUITests */,
			);
		};
/* End PBXProject section */

/* Begin PBXResourcesBuildPhase section */
		F4CA607528D5DECF00E074FB /* Resources */ = {
			isa = PBXResourcesBuildPhase;
			buildActionMask = 2147483647;
			files = (
				F4CA608228D5DED000E074FB /* Preview Assets.xcassets in Resources */,
				F4CA607F28D5DED000E074FB /* Assets.xcassets in Resources */,
			);
			runOnlyForDeploymentPostprocessing = 0;
		};
		F4CA608528D5DED000E074FB /* Resources */ = {
			isa = PBXResourcesBuildPhase;
			buildActionMask = 2147483647;
			files = (
			);
			runOnlyForDeploymentPostprocessing = 0;
		};
		F4CA608F28D5DED000E074FB /* Resources */ = {
			isa = PBXResourcesBuildPhase;
			buildActionMask = 2147483647;
			files = (
			);
			runOnlyForDeploymentPostprocessing = 0;
		};
/* End PBXResourcesBuildPhase section */

/* Begin PBXShellScriptBuildPhase section */
		4497133B679EB4228B000366 /* [CP] Check Pods Manifest.lock */ = {
			isa = PBXShellScriptBuildPhase;
			buildActionMask = 2147483647;
			files = (
			);
			inputFileListPaths = (
			);
			inputPaths = (
				"${PODS_PODFILE_DIR_PATH}/Podfile.lock",
				"${PODS_ROOT}/Manifest.lock",
			);
			name = "[CP] Check Pods Manifest.lock";
			outputFileListPaths = (
			);
			outputPaths = (
				"$(DERIVED_FILE_DIR)/Pods-StarWars-checkManifestLockResult.txt",
			);
			runOnlyForDeploymentPostprocessing = 0;
			shellPath = /bin/sh;
			shellScript = "diff \"${PODS_PODFILE_DIR_PATH}/Podfile.lock\" \"${PODS_ROOT}/Manifest.lock\" > /dev/null\nif [ $? != 0 ] ; then\n    # print error to STDERR\n    echo \"error: The sandbox is not in sync with the Podfile.lock. Run 'pod install' or update your CocoaPods installation.\" >&2\n    exit 1\nfi\n# This output is used by Xcode 'outputs' to avoid re-running this script phase.\necho \"SUCCESS\" > \"${SCRIPT_OUTPUT_FILE_0}\"\n";
			showEnvVarsInLog = 0;
		};
/* End PBXShellScriptBuildPhase section */

/* Begin PBXSourcesBuildPhase section */
		F4CA607328D5DECF00E074FB /* Sources */ = {
			isa = PBXSourcesBuildPhase;
			buildActionMask = 2147483647;
			files = (
				F4CA60B128D5F85E00E074FB /* PlanetViewModel.swift in Sources */,
				F4CA60A928D5F7BF00E074FB /* PlanetListViewController.swift in Sources */,
				F4CA60AB28D5F7CB00E074FB /* PlanetListViewModel.swift in Sources */,
				F4CA60AF28D5F81A00E074FB /* PlanetViewController.swift in Sources */,
				F4CA60AD28D5F7F700E074FB /* PlanetView.swift in Sources */,
				F4CA60B328D6FD5A00E074FB /* MyNextView.swift in Sources */,
				F4CA607B28D5DECF00E074FB /* StarWarsApp.swift in Sources */,
				F4CA60B528D6FDB000E074FB /* PlanetListView.swift in Sources */,
			);
			runOnlyForDeploymentPostprocessing = 0;
		};
		F4CA608328D5DED000E074FB /* Sources */ = {
			isa = PBXSourcesBuildPhase;
			buildActionMask = 2147483647;
			files = (
				F4CA608C28D5DED000E074FB /* StarWarsTests.swift in Sources */,
			);
			runOnlyForDeploymentPostprocessing = 0;
		};
		F4CA608D28D5DED000E074FB /* Sources */ = {
			isa = PBXSourcesBuildPhase;
			buildActionMask = 2147483647;
			files = (
				F4CA609828D5DED000E074FB /* StarWarsUITestsLaunchTests.swift in Sources */,
				F4CA609628D5DED000E074FB /* StarWarsUITests.swift in Sources */,
			);
			runOnlyForDeploymentPostprocessing = 0;
		};
/* End PBXSourcesBuildPhase section */

/* Begin PBXTargetDependency section */
		F4CA608928D5DED000E074FB /* PBXTargetDependency */ = {
			isa = PBXTargetDependency;
			target = F4CA607628D5DECF00E074FB /* StarWars */;
			targetProxy = F4CA608828D5DED000E074FB /* PBXContainerItemProxy */;
		};
		F4CA609328D5DED000E074FB /* PBXTargetDependency */ = {
			isa = PBXTargetDependency;
			target = F4CA607628D5DECF00E074FB /* StarWars */;
			targetProxy = F4CA609228D5DED000E074FB /* PBXContainerItemProxy */;
		};
/* End PBXTargetDependency section */

/* Begin XCBuildConfiguration section */
		F4CA609928D5DED000E074FB /* Debug */ = {
			isa = XCBuildConfiguration;
			buildSettings = {
				ALWAYS_SEARCH_USER_PATHS = NO;
				CLANG_ANALYZER_NONNULL = YES;
				CLANG_ANALYZER_NUMBER_OBJECT_CONVERSION = YES_AGGRESSIVE;
				CLANG_CXX_LANGUAGE_STANDARD = "gnu++20";
				CLANG_ENABLE_MODULES = YES;
				CLANG_ENABLE_OBJC_ARC = YES;
				CLANG_ENABLE_OBJC_WEAK = YES;
				CLANG_WARN_BLOCK_CAPTURE_AUTORELEASING = YES;
				CLANG_WARN_BOOL_CONVERSION = YES;
				CLANG_WARN_COMMA = YES;
				CLANG_WARN_CONSTANT_CONVERSION = YES;
				CLANG_WARN_DEPRECATED_OBJC_IMPLEMENTATIONS = YES;
				CLANG_WARN_DIRECT_OBJC_ISA_USAGE = YES_ERROR;
				CLANG_WARN_DOCUMENTATION_COMMENTS = YES;
				CLANG_WARN_EMPTY_BODY = YES;
				CLANG_WARN_ENUM_CONVERSION = YES;
				CLANG_WARN_INFINITE_RECURSION = YES;
				CLANG_WARN_INT_CONVERSION = YES;
				CLANG_WARN_NON_LITERAL_NULL_CONVERSION = YES;
				CLANG_WARN_OBJC_IMPLICIT_RETAIN_SELF = YES;
				CLANG_WARN_OBJC_LITERAL_CONVERSION = YES;
				CLANG_WARN_OBJC_ROOT_CLASS = YES_ERROR;
				CLANG_WARN_QUOTED_INCLUDE_IN_FRAMEWORK_HEADER = YES;
				CLANG_WARN_RANGE_LOOP_ANALYSIS = YES;
				CLANG_WARN_STRICT_PROTOTYPES = YES;
				CLANG_WARN_SUSPICIOUS_MOVE = YES;
				CLANG_WARN_UNGUARDED_AVAILABILITY = YES_AGGRESSIVE;
				CLANG_WARN_UNREACHABLE_CODE = YES;
				CLANG_WARN__DUPLICATE_METHOD_MATCH = YES;
				COPY_PHASE_STRIP = NO;
				DEBUG_INFORMATION_FORMAT = dwarf;
				ENABLE_STRICT_OBJC_MSGSEND = YES;
				ENABLE_TESTABILITY = YES;
				GCC_C_LANGUAGE_STANDARD = gnu11;
				GCC_DYNAMIC_NO_PIC = NO;
				GCC_NO_COMMON_BLOCKS = YES;
				GCC_OPTIMIZATION_LEVEL = 0;
				GCC_PREPROCESSOR_DEFINITIONS = (
					"DEBUG=1",
					"$(inherited)",
				);
				GCC_WARN_64_TO_32_BIT_CONVERSION = YES;
				GCC_WARN_ABOUT_RETURN_TYPE = YES_ERROR;
				GCC_WARN_UNDECLARED_SELECTOR = YES;
				GCC_WARN_UNINITIALIZED_AUTOS = YES_AGGRESSIVE;
				GCC_WARN_UNUSED_FUNCTION = YES;
				GCC_WARN_UNUSED_VARIABLE = YES;
				IPHONEOS_DEPLOYMENT_TARGET = 14.0;
				MTL_ENABLE_DEBUG_INFO = INCLUDE_SOURCE;
				MTL_FAST_MATH = YES;
				ONLY_ACTIVE_ARCH = YES;
				SDKROOT = iphoneos;
				SWIFT_ACTIVE_COMPILATION_CONDITIONS = DEBUG;
				SWIFT_OPTIMIZATION_LEVEL = "-Onone";
			};
			name = Debug;
		};
		F4CA609A28D5DED000E074FB /* Release */ = {
			isa = XCBuildConfiguration;
			buildSettings = {
				ALWAYS_SEARCH_USER_PATHS = NO;
				CLANG_ANALYZER_NONNULL = YES;
				CLANG_ANALYZER_NUMBER_OBJECT_CONVERSION = YES_AGGRESSIVE;
				CLANG_CXX_LANGUAGE_STANDARD = "gnu++20";
				CLANG_ENABLE_MODULES = YES;
				CLANG_ENABLE_OBJC_ARC = YES;
				CLANG_ENABLE_OBJC_WEAK = YES;
				CLANG_WARN_BLOCK_CAPTURE_AUTORELEASING = YES;
				CLANG_WARN_BOOL_CONVERSION = YES;
				CLANG_WARN_COMMA = YES;
				CLANG_WARN_CONSTANT_CONVERSION = YES;
				CLANG_WARN_DEPRECATED_OBJC_IMPLEMENTATIONS = YES;
				CLANG_WARN_DIRECT_OBJC_ISA_USAGE = YES_ERROR;
				CLANG_WARN_DOCUMENTATION_COMMENTS = YES;
				CLANG_WARN_EMPTY_BODY = YES;
				CLANG_WARN_ENUM_CONVERSION = YES;
				CLANG_WARN_INFINITE_RECURSION = YES;
				CLANG_WARN_INT_CONVERSION = YES;
				CLANG_WARN_NON_LITERAL_NULL_CONVERSION = YES;
				CLANG_WARN_OBJC_IMPLICIT_RETAIN_SELF = YES;
				CLANG_WARN_OBJC_LITERAL_CONVERSION = YES;
				CLANG_WARN_OBJC_ROOT_CLASS = YES_ERROR;
				CLANG_WARN_QUOTED_INCLUDE_IN_FRAMEWORK_HEADER = YES;
				CLANG_WARN_RANGE_LOOP_ANALYSIS = YES;
				CLANG_WARN_STRICT_PROTOTYPES = YES;
				CLANG_WARN_SUSPICIOUS_MOVE = YES;
				CLANG_WARN_UNGUARDED_AVAILABILITY = YES_AGGRESSIVE;
				CLANG_WARN_UNREACHABLE_CODE = YES;
				CLANG_WARN__DUPLICATE_METHOD_MATCH = YES;
				COPY_PHASE_STRIP = NO;
				DEBUG_INFORMATION_FORMAT = "dwarf-with-dsym";
				ENABLE_NS_ASSERTIONS = NO;
				ENABLE_STRICT_OBJC_MSGSEND = YES;
				GCC_C_LANGUAGE_STANDARD = gnu11;
				GCC_NO_COMMON_BLOCKS = YES;
				GCC_WARN_64_TO_32_BIT_CONVERSION = YES;
				GCC_WARN_ABOUT_RETURN_TYPE = YES_ERROR;
				GCC_WARN_UNDECLARED_SELECTOR = YES;
				GCC_WARN_UNINITIALIZED_AUTOS = YES_AGGRESSIVE;
				GCC_WARN_UNUSED_FUNCTION = YES;
				GCC_WARN_UNUSED_VARIABLE = YES;
				IPHONEOS_DEPLOYMENT_TARGET = 14.0;
				MTL_ENABLE_DEBUG_INFO = NO;
				MTL_FAST_MATH = YES;
				SDKROOT = iphoneos;
				SWIFT_COMPILATION_MODE = wholemodule;
				SWIFT_OPTIMIZATION_LEVEL = "-O";
				VALIDATE_PRODUCT = YES;
			};
			name = Release;
		};
		F4CA609C28D5DED000E074FB /* Debug */ = {
			isa = XCBuildConfiguration;
			baseConfigurationReference = AF458D9349997991F94B1DFD /* Pods-StarWars.debug.xcconfig */;
			buildSettings = {
				ASSETCATALOG_COMPILER_APPICON_NAME = AppIcon;
				ASSETCATALOG_COMPILER_GLOBAL_ACCENT_COLOR_NAME = AccentColor;
				CODE_SIGN_STYLE = Automatic;
				CURRENT_PROJECT_VERSION = 1;
				DEVELOPMENT_ASSET_PATHS = "\"StarWars/Preview Content\"";
				DEVELOPMENT_TEAM = R9A2L49XG4;
				ENABLE_PREVIEWS = YES;
				GENERATE_INFOPLIST_FILE = YES;
				INFOPLIST_KEY_UIApplicationSceneManifest_Generation = YES;
				INFOPLIST_KEY_UIApplicationSupportsIndirectInputEvents = YES;
				INFOPLIST_KEY_UILaunchScreen_Generation = YES;
				INFOPLIST_KEY_UISupportedInterfaceOrientations_iPad = "UIInterfaceOrientationPortrait UIInterfaceOrientationPortraitUpsideDown UIInterfaceOrientationLandscapeLeft UIInterfaceOrientationLandscapeRight";
				INFOPLIST_KEY_UISupportedInterfaceOrientations_iPhone = "UIInterfaceOrientationPortrait UIInterfaceOrientationLandscapeLeft UIInterfaceOrientationLandscapeRight";
				IPHONEOS_DEPLOYMENT_TARGET = 14.0;
				LD_RUNPATH_SEARCH_PATHS = (
					"$(inherited)",
					"@executable_path/Frameworks",
				);
				MARKETING_VERSION = 1.0;
				PRODUCT_BUNDLE_IDENTIFIER = tpsdk.sample.StarWars;
				PRODUCT_NAME = "$(TARGET_NAME)";
				SWIFT_EMIT_LOC_STRINGS = YES;
				SWIFT_VERSION = 5.0;
				TARGETED_DEVICE_FAMILY = "1,2";
			};
			name = Debug;
		};
		F4CA609D28D5DED000E074FB /* Release */ = {
			isa = XCBuildConfiguration;
			baseConfigurationReference = E02977EFB24764192B467D25 /* Pods-StarWars.release.xcconfig */;
			buildSettings = {
				ASSETCATALOG_COMPILER_APPICON_NAME = AppIcon;
				ASSETCATALOG_COMPILER_GLOBAL_ACCENT_COLOR_NAME = AccentColor;
				CODE_SIGN_STYLE = Automatic;
				CURRENT_PROJECT_VERSION = 1;
				DEVELOPMENT_ASSET_PATHS = "\"StarWars/Preview Content\"";
				DEVELOPMENT_TEAM = R9A2L49XG4;
				ENABLE_PREVIEWS = YES;
				GENERATE_INFOPLIST_FILE = YES;
				INFOPLIST_KEY_UIApplicationSceneManifest_Generation = YES;
				INFOPLIST_KEY_UIApplicationSupportsIndirectInputEvents = YES;
				INFOPLIST_KEY_UILaunchScreen_Generation = YES;
				INFOPLIST_KEY_UISupportedInterfaceOrientations_iPad = "UIInterfaceOrientationPortrait UIInterfaceOrientationPortraitUpsideDown UIInterfaceOrientationLandscapeLeft UIInterfaceOrientationLandscapeRight";
				INFOPLIST_KEY_UISupportedInterfaceOrientations_iPhone = "UIInterfaceOrientationPortrait UIInterfaceOrientationLandscapeLeft UIInterfaceOrientationLandscapeRight";
				IPHONEOS_DEPLOYMENT_TARGET = 14.0;
				LD_RUNPATH_SEARCH_PATHS = (
					"$(inherited)",
					"@executable_path/Frameworks",
				);
				MARKETING_VERSION = 1.0;
				PRODUCT_BUNDLE_IDENTIFIER = tpsdk.sample.StarWars;
				PRODUCT_NAME = "$(TARGET_NAME)";
				SWIFT_EMIT_LOC_STRINGS = YES;
				SWIFT_VERSION = 5.0;
				TARGETED_DEVICE_FAMILY = "1,2";
			};
			name = Release;
		};
		F4CA609F28D5DED000E074FB /* Debug */ = {
			isa = XCBuildConfiguration;
			buildSettings = {
				ALWAYS_EMBED_SWIFT_STANDARD_LIBRARIES = YES;
				BUNDLE_LOADER = "$(TEST_HOST)";
				CODE_SIGN_STYLE = Automatic;
				CURRENT_PROJECT_VERSION = 1;
				DEVELOPMENT_TEAM = R9A2L49XG4;
				GENERATE_INFOPLIST_FILE = YES;
				IPHONEOS_DEPLOYMENT_TARGET = 16.0;
				MARKETING_VERSION = 1.0;
				PRODUCT_BUNDLE_IDENTIFIER = tpsdk.sample.StarWarsTests;
				PRODUCT_NAME = "$(TARGET_NAME)";
				SWIFT_EMIT_LOC_STRINGS = NO;
				SWIFT_VERSION = 5.0;
				TARGETED_DEVICE_FAMILY = "1,2";
				TEST_HOST = "$(BUILT_PRODUCTS_DIR)/StarWars.app/$(BUNDLE_EXECUTABLE_FOLDER_PATH)/StarWars";
			};
			name = Debug;
		};
		F4CA60A028D5DED000E074FB /* Release */ = {
			isa = XCBuildConfiguration;
			buildSettings = {
				ALWAYS_EMBED_SWIFT_STANDARD_LIBRARIES = YES;
				BUNDLE_LOADER = "$(TEST_HOST)";
				CODE_SIGN_STYLE = Automatic;
				CURRENT_PROJECT_VERSION = 1;
				DEVELOPMENT_TEAM = R9A2L49XG4;
				GENERATE_INFOPLIST_FILE = YES;
				IPHONEOS_DEPLOYMENT_TARGET = 16.0;
				MARKETING_VERSION = 1.0;
				PRODUCT_BUNDLE_IDENTIFIER = tpsdk.sample.StarWarsTests;
				PRODUCT_NAME = "$(TARGET_NAME)";
				SWIFT_EMIT_LOC_STRINGS = NO;
				SWIFT_VERSION = 5.0;
				TARGETED_DEVICE_FAMILY = "1,2";
				TEST_HOST = "$(BUILT_PRODUCTS_DIR)/StarWars.app/$(BUNDLE_EXECUTABLE_FOLDER_PATH)/StarWars";
			};
			name = Release;
		};
		F4CA60A228D5DED000E074FB /* Debug */ = {
			isa = XCBuildConfiguration;
			buildSettings = {
				ALWAYS_EMBED_SWIFT_STANDARD_LIBRARIES = YES;
				CODE_SIGN_STYLE = Automatic;
				CURRENT_PROJECT_VERSION = 1;
				DEVELOPMENT_TEAM = R9A2L49XG4;
				GENERATE_INFOPLIST_FILE = YES;
				MARKETING_VERSION = 1.0;
				PRODUCT_BUNDLE_IDENTIFIER = tpsdk.sample.StarWarsUITests;
				PRODUCT_NAME = "$(TARGET_NAME)";
				SWIFT_EMIT_LOC_STRINGS = NO;
				SWIFT_VERSION = 5.0;
				TARGETED_DEVICE_FAMILY = "1,2";
				TEST_TARGET_NAME = StarWars;
			};
			name = Debug;
		};
		F4CA60A328D5DED000E074FB /* Release */ = {
			isa = XCBuildConfiguration;
			buildSettings = {
				ALWAYS_EMBED_SWIFT_STANDARD_LIBRARIES = YES;
				CODE_SIGN_STYLE = Automatic;
				CURRENT_PROJECT_VERSION = 1;
				DEVELOPMENT_TEAM = R9A2L49XG4;
				GENERATE_INFOPLIST_FILE = YES;
				MARKETING_VERSION = 1.0;
				PRODUCT_BUNDLE_IDENTIFIER = tpsdk.sample.StarWarsUITests;
				PRODUCT_NAME = "$(TARGET_NAME)";
				SWIFT_EMIT_LOC_STRINGS = NO;
				SWIFT_VERSION = 5.0;
				TARGETED_DEVICE_FAMILY = "1,2";
				TEST_TARGET_NAME = StarWars;
			};
			name = Release;
		};
/* End XCBuildConfiguration section */

/* Begin XCConfigurationList section */
		F4CA607228D5DECF00E074FB /* Build configuration list for PBXProject "StarWars" */ = {
			isa = XCConfigurationList;
			buildConfigurations = (
				F4CA609928D5DED000E074FB /* Debug */,
				F4CA609A28D5DED000E074FB /* Release */,
			);
			defaultConfigurationIsVisible = 0;
			defaultConfigurationName = Release;
		};
		F4CA609B28D5DED000E074FB /* Build configuration list for PBXNativeTarget "StarWars" */ = {
			isa = XCConfigurationList;
			buildConfigurations = (
				F4CA609C28D5DED000E074FB /* Debug */,
				F4CA609D28D5DED000E074FB /* Release */,
			);
			defaultConfigurationIsVisible = 0;
			defaultConfigurationName = Release;
		};
		F4CA609E28D5DED000E074FB /* Build configuration list for PBXNativeTarget "StarWarsTests" */ = {
			isa = XCConfigurationList;
			buildConfigurations = (
				F4CA609F28D5DED000E074FB /* Debug */,
				F4CA60A028D5DED000E074FB /* Release */,
			);
			defaultConfigurationIsVisible = 0;
			defaultConfigurationName = Release;
		};
		F4CA60A128D5DED000E074FB /* Build configuration list for PBXNativeTarget "StarWarsUITests" */ = {
			isa = XCConfigurationList;
			buildConfigurations = (
				F4CA60A228D5DED000E074FB /* Debug */,
				F4CA60A328D5DED000E074FB /* Release */,
			);
			defaultConfigurationIsVisible = 0;
			defaultConfigurationName = Release;
		};
/* End XCConfigurationList section */
	};
	rootObject = F4CA606F28D5DECF00E074FB /* Project object */;
}
